
Microsoft Visual Studio Solution File, Format Version 12.00
# Visual Studio Version 16
VisualStudioVersion = 16.0.29613.14
MinimumVisualStudioVersion = 10.0.40219.1
Project("{FAE04EC0-301F-11D3-BF4B-00C04F79EFBC}") = "Zachitect_TRANS", "Zachitect_TRANS.csproj", "{6820BBF1-EC64-43D0-981A-F8E840FBE417}"
EndProject
Global
	GlobalSection(SolutionConfigurationPlatforms) = preSolution
		Debug|Any CPU = Debug|Any CPU
		Release|Any CPU = Release|Any CPU
	EndGlobalSection
	GlobalSection(ProjectConfigurationPlatforms) = postSolution
		{6820BBF1-EC64-43D0-981A-F8E840FBE417}.Debug|Any CPU.ActiveCfg = Debug|Any CPU
		{6820BBF1-EC64-43D0-981A-F8E840FBE417}.Debug|Any CPU.Build.0 = Debug|Any CPU
		{6820BBF1-EC64-43D0-981A-F8E840FBE417}.Release|Any CPU.ActiveCfg = Release|Any CPU
		{6820BBF1-EC64-43D0-981A-F8E840FBE417}.Release|Any CPU.Build.0 = Release|Any CPU
	EndGlobalSection
	GlobalSection(SolutionProperties) = preSolution
		HideSolutionNode = FALSE
	EndGlobalSection
	GlobalSection(ExtensibilityGlobals) = postSolution
		SolutionGuid = {DB6A816D-8263-437D-BBC6-F729C4E0367E}
	EndGlobalSection
EndGlobal
